
Microsoft Visual Studio Solution File, Format Version 12.00
# Visual Studio Version 16
VisualStudioVersion = 16.0.29609.76
MinimumVisualStudioVersion = 10.0.40219.1
Project("{9A19103F-16F7-4668-BE54-9A1E7A4F7556}") = "Unicore.Configuration", "Unicore.Configuration\Unicore.Configuration.csproj", "{031773B6-B30A-4453-9F9C-C9831EB24BE8}"
EndProject
Project("{9A19103F-16F7-4668-BE54-9A1E7A4F7556}") = "Sample", "Sample\Sample.csproj", "{B95094A5-1B7B-4DB3-A915-1DB821255179}"
EndProject
Project("{9A19103F-16F7-4668-BE54-9A1E7A4F7556}") = "Unicore.Configuration.Json.JsonNet", "Unicore.Configuration.Json.JsonNet\Unicore.Configuration.Json.JsonNet.csproj", "{D905615E-6B37-47CA-A4CD-BF82376A5EE0}"
EndProject
Project("{FAE04EC0-301F-11D3-BF4B-00C04F79EFBC}") = "Unicore.Wpf.Controls.Dialogs", "Unicore.Wpf.Controls.Dialogs\Unicore.Wpf.Controls.Dialogs.csproj", "{B3A300C6-E895-4170-ABFE-14807E6EA844}"
EndProject
Project("{2150E333-8FDC-42A3-9474-1A3956D46DE8}") = "Controls", "Controls", "{3E86D1B7-CD15-4B20-99E4-45C23A09FE1F}"
EndProject
Project("{2150E333-8FDC-42A3-9474-1A3956D46DE8}") = "Configuration", "Configuration", "{E607BBCA-9E82-415C-B7E7-F04ED2A077F1}"
EndProject
Global
	GlobalSection(SolutionConfigurationPlatforms) = preSolution
		Debug|Any CPU = Debug|Any CPU
		Release|Any CPU = Release|Any CPU
	EndGlobalSection
	GlobalSection(ProjectConfigurationPlatforms) = postSolution
		{031773B6-B30A-4453-9F9C-C9831EB24BE8}.Debug|Any CPU.ActiveCfg = Debug|Any CPU
		{031773B6-B30A-4453-9F9C-C9831EB24BE8}.Debug|Any CPU.Build.0 = Debug|Any CPU
		{031773B6-B30A-4453-9F9C-C9831EB24BE8}.Release|Any CPU.ActiveCfg = Release|Any CPU
		{031773B6-B30A-4453-9F9C-C9831EB24BE8}.Release|Any CPU.Build.0 = Release|Any CPU
		{B95094A5-1B7B-4DB3-A915-1DB821255179}.Debug|Any CPU.ActiveCfg = Debug|Any CPU
		{B95094A5-1B7B-4DB3-A915-1DB821255179}.Debug|Any CPU.Build.0 = Debug|Any CPU
		{B95094A5-1B7B-4DB3-A915-1DB821255179}.Release|Any CPU.ActiveCfg = Release|Any CPU
		{B95094A5-1B7B-4DB3-A915-1DB821255179}.Release|Any CPU.Build.0 = Release|Any CPU
		{D905615E-6B37-47CA-A4CD-BF82376A5EE0}.Debug|Any CPU.ActiveCfg = Debug|Any CPU
		{D905615E-6B37-47CA-A4CD-BF82376A5EE0}.Debug|Any CPU.Build.0 = Debug|Any CPU
		{D905615E-6B37-47CA-A4CD-BF82376A5EE0}.Release|Any CPU.ActiveCfg = Release|Any CPU
		{D905615E-6B37-47CA-A4CD-BF82376A5EE0}.Release|Any CPU.Build.0 = Release|Any CPU
		{B3A300C6-E895-4170-ABFE-14807E6EA844}.Debug|Any CPU.ActiveCfg = Debug|Any CPU
		{B3A300C6-E895-4170-ABFE-14807E6EA844}.Debug|Any CPU.Build.0 = Debug|Any CPU
		{B3A300C6-E895-4170-ABFE-14807E6EA844}.Release|Any CPU.ActiveCfg = Release|Any CPU
		{B3A300C6-E895-4170-ABFE-14807E6EA844}.Release|Any CPU.Build.0 = Release|Any CPU
	EndGlobalSection
	GlobalSection(SolutionProperties) = preSolution
		HideSolutionNode = FALSE
	EndGlobalSection
	GlobalSection(NestedProjects) = preSolution
		{031773B6-B30A-4453-9F9C-C9831EB24BE8} = {E607BBCA-9E82-415C-B7E7-F04ED2A077F1}
		{D905615E-6B37-47CA-A4CD-BF82376A5EE0} = {E607BBCA-9E82-415C-B7E7-F04ED2A077F1}
		{B3A300C6-E895-4170-ABFE-14807E6EA844} = {3E86D1B7-CD15-4B20-99E4-45C23A09FE1F}
	EndGlobalSection
	GlobalSection(ExtensibilityGlobals) = postSolution
		SolutionGuid = {FDA4FCE4-3726-4B6C-8FBC-271B3CA2E25B}
	EndGlobalSection
EndGlobal
